
Microsoft Visual Studio Solution File, Format Version 12.00
# Visual Studio Version 17
VisualStudioVersion = 17.10.35004.147
MinimumVisualStudioVersion = 10.0.40219.1
Project("{FAE04EC0-301F-11D3-BF4B-00C04F79EFBC}") = "YT2PP.Web", "YT2PP.Web\YT2PP.Web.csproj", "{5399E69E-DE32-4926-A26A-ECA0AF5CE5A3}"
EndProject
Project("{FAE04EC0-301F-11D3-BF4B-00C04F79EFBC}") = "YT2PP.Common", "YT2PP.Common\YT2PP.Common.csproj", "{C204A65C-C0EA-4FFD-A948-FD21435A301C}"
EndProject
Project("{FAE04EC0-301F-11D3-BF4B-00C04F79EFBC}") = "YT2PP.Configuration", "YT2PP.Configuration\YT2PP.Configuration.csproj", "{EB3059A8-4D8D-4938-A598-D36B4E6DB4FA}"
EndProject
Project("{FAE04EC0-301F-11D3-BF4B-00C04F79EFBC}") = "YT2PP.Services", "YT2PP.Services\YT2PP.Services.csproj", "{02FFC379-ADBE-479D-A454-F772B37161A5}"
EndProject
Project("{FAE04EC0-301F-11D3-BF4B-00C04F79EFBC}") = "YT2PP.Repositories", "YT2PP.Repositories\YT2PP.Repositories.csproj", "{8313DDF0-D9C4-41B2-AF6D-6ADCA2980B93}"
EndProject
Global
	GlobalSection(SolutionConfigurationPlatforms) = preSolution
		Debug|Any CPU = Debug|Any CPU
		Release|Any CPU = Release|Any CPU
	EndGlobalSection
	GlobalSection(ProjectConfigurationPlatforms) = postSolution
		{5399E69E-DE32-4926-A26A-ECA0AF5CE5A3}.Debug|Any CPU.ActiveCfg = Debug|Any CPU
		{5399E69E-DE32-4926-A26A-ECA0AF5CE5A3}.Debug|Any CPU.Build.0 = Debug|Any CPU
		{5399E69E-DE32-4926-A26A-ECA0AF5CE5A3}.Release|Any CPU.ActiveCfg = Release|Any CPU
		{5399E69E-DE32-4926-A26A-ECA0AF5CE5A3}.Release|Any CPU.Build.0 = Release|Any CPU
		{C204A65C-C0EA-4FFD-A948-FD21435A301C}.Debug|Any CPU.ActiveCfg = Debug|Any CPU
		{C204A65C-C0EA-4FFD-A948-FD21435A301C}.Debug|Any CPU.Build.0 = Debug|Any CPU
		{C204A65C-C0EA-4FFD-A948-FD21435A301C}.Release|Any CPU.ActiveCfg = Release|Any CPU
		{C204A65C-C0EA-4FFD-A948-FD21435A301C}.Release|Any CPU.Build.0 = Release|Any CPU
		{EB3059A8-4D8D-4938-A598-D36B4E6DB4FA}.Debug|Any CPU.ActiveCfg = Debug|Any CPU
		{EB3059A8-4D8D-4938-A598-D36B4E6DB4FA}.Debug|Any CPU.Build.0 = Debug|Any CPU
		{EB3059A8-4D8D-4938-A598-D36B4E6DB4FA}.Release|Any CPU.ActiveCfg = Release|Any CPU
		{EB3059A8-4D8D-4938-A598-D36B4E6DB4FA}.Release|Any CPU.Build.0 = Release|Any CPU
		{02FFC379-ADBE-479D-A454-F772B37161A5}.Debug|Any CPU.ActiveCfg = Debug|Any CPU
		{02FFC379-ADBE-479D-A454-F772B37161A5}.Debug|Any CPU.Build.0 = Debug|Any CPU
		{02FFC379-ADBE-479D-A454-F772B37161A5}.Release|Any CPU.ActiveCfg = Release|Any CPU
		{02FFC379-ADBE-479D-A454-F772B37161A5}.Release|Any CPU.Build.0 = Release|Any CPU
		{8313DDF0-D9C4-41B2-AF6D-6ADCA2980B93}.Debug|Any CPU.ActiveCfg = Debug|Any CPU
		{8313DDF0-D9C4-41B2-AF6D-6ADCA2980B93}.Debug|Any CPU.Build.0 = Debug|Any CPU
		{8313DDF0-D9C4-41B2-AF6D-6ADCA2980B93}.Release|Any CPU.ActiveCfg = Release|Any CPU
		{8313DDF0-D9C4-41B2-AF6D-6ADCA2980B93}.Release|Any CPU.Build.0 = Release|Any CPU
	EndGlobalSection
	GlobalSection(SolutionProperties) = preSolution
		HideSolutionNode = FALSE
	EndGlobalSection
	GlobalSection(ExtensibilityGlobals) = postSolution
		SolutionGuid = {A9DE66C1-79D8-4AC0-BACC-F54742B5D28E}
	EndGlobalSection
EndGlobal
